
Microsoft Visual Studio Solution File, Format Version 12.00
# Visual Studio 15
VisualStudioVersion = 15.0.33026.149
MinimumVisualStudioVersion = 10.0.40219.1
Project("{8BC9CEB8-8B4A-11D0-8D11-00A0C91BC942}") = "csgo_sdk", "csgo_sdk\csgo_sdk.vcxproj", "{48C6A94A-D3FE-4D5A-A959-31C732791903}"
EndProject
Global
	GlobalSection(SolutionConfigurationPlatforms) = preSolution
		debug|x86 = debug|x86
		release|x86 = release|x86
	EndGlobalSection
	GlobalSection(ProjectConfigurationPlatforms) = postSolution
		{48C6A94A-D3FE-4D5A-A959-31C732791903}.debug|x86.ActiveCfg = debug|win32
		{48C6A94A-D3FE-4D5A-A959-31C732791903}.debug|x86.Build.0 = debug|win32
		{48C6A94A-D3FE-4D5A-A959-31C732791903}.release|x86.ActiveCfg = release|win32
		{48C6A94A-D3FE-4D5A-A959-31C732791903}.release|x86.Build.0 = release|win32
	EndGlobalSection
	GlobalSection(SolutionProperties) = preSolution
		HideSolutionNode = FALSE
	EndGlobalSection
	GlobalSection(ExtensibilityGlobals) = postSolution
		SolutionGuid = {92D87DCB-CC81-4C69-B2EF-8D1C817BF1C1}
	EndGlobalSection
EndGlobal
